// !$*UTF8*$!
{
	archiveVersion = 1;
	classes = {
	};
	objectVersion = 46;
	objects = {

/* Begin PBXBuildFile section */
		24D5EACC1A6D485000891BE8 /* AsyncImageView.framework in Frameworks */ = {isa = PBXBuildFile; fileRef = 24D5EAC01A6D485000891BE8 /* AsyncImageView.framework */; };
		24D5EAD31A6D485000891BE8 /* AsyncImageViewTests.swift in Sources */ = {isa = PBXBuildFile; fileRef = 24D5EAD21A6D485000891BE8 /* AsyncImageViewTests.swift */; };
		24D5EADD1A6D48B200891BE8 /* AsyncImageView.swift in Sources */ = {isa = PBXBuildFile; fileRef = 24D5EADC1A6D48B200891BE8 /* AsyncImageView.swift */; };
/* End PBXBuildFile section */

/* Begin PBXContainerItemProxy section */
		24D5EACD1A6D485000891BE8 /* PBXContainerItemProxy */ = {
			isa = PBXContainerItemProxy;
			containerPortal = 24D5EAB71A6D485000891BE8 /* Project object */;
			proxyType = 1;
			remoteGlobalIDString = 24D5EABF1A6D485000891BE8;
			remoteInfo = AsyncImageView;
		};
/* End PBXContainerItemProxy section */

/* Begin PBXFileReference section */
		24D5EAC01A6D485000891BE8 /* AsyncImageView.framework */ = {isa = PBXFileReference; explicitFileType = wrapper.framework; includeInIndex = 0; path = AsyncImageView.framework; sourceTree = BUILT_PRODUCTS_DIR; };
		24D5EAC41A6D485000891BE8 /* Info.plist */ = {isa = PBXFileReference; lastKnownFileType = text.plist.xml; path = Info.plist; sourceTree = "<group>"; };
		24D5EACB1A6D485000891BE8 /* AsyncImageViewTests.xctest */ = {isa = PBXFileReference; explicitFileType = wrapper.cfbundle; includeInIndex = 0; path = AsyncImageViewTests.xctest; sourceTree = BUILT_PRODUCTS_DIR; };
		24D5EAD11A6D485000891BE8 /* Info.plist */ = {isa = PBXFileReference; lastKnownFileType = text.plist.xml; path = Info.plist; sourceTree = "<group>"; };
		24D5EAD21A6D485000891BE8 /* AsyncImageViewTests.swift */ = {isa = PBXFileReference; lastKnownFileType = sourcecode.swift; path = AsyncImageViewTests.swift; sourceTree = "<group>"; };
		24D5EADC1A6D48B200891BE8 /* AsyncImageView.swift */ = {isa = PBXFileReference; fileEncoding = 4; lastKnownFileType = sourcecode.swift; name = AsyncImageView.swift; path = AsyncImageView/AsyncImageView.swift; sourceTree = "<group>"; };
/* End PBXFileReference section */

/* Begin PBXFrameworksBuildPhase section */
		24D5EABC1A6D485000891BE8 /* Frameworks */ = {
			isa = PBXFrameworksBuildPhase;
			buildActionMask = 2147483647;
			files = (
			);
			runOnlyForDeploymentPostprocessing = 0;
		};
		24D5EAC81A6D485000891BE8 /* Frameworks */ = {
			isa = PBXFrameworksBuildPhase;
			buildActionMask = 2147483647;
			files = (
				24D5EACC1A6D485000891BE8 /* AsyncImageView.framework in Frameworks */,
			);
			runOnlyForDeploymentPostprocessing = 0;
		};
/* End PBXFrameworksBuildPhase section */

/* Begin PBXGroup section */
		24D5EAB61A6D485000891BE8 = {
			isa = PBXGroup;
			children = (
				24D5EADC1A6D48B200891BE8 /* AsyncImageView.swift */,
				24D5EAC21A6D485000891BE8 /* AsyncImageView */,
				24D5EACF1A6D485000891BE8 /* AsyncImageViewTests */,
				24D5EAC11A6D485000891BE8 /* Products */,
			);
			sourceTree = "<group>";
		};
		24D5EAC11A6D485000891BE8 /* Products */ = {
			isa = PBXGroup;
			children = (
				24D5EAC01A6D485000891BE8 /* AsyncImageView.framework */,
				24D5EACB1A6D485000891BE8 /* AsyncImageViewTests.xctest */,
			);
			name = Products;
			sourceTree = "<group>";
		};
		24D5EAC21A6D485000891BE8 /* AsyncImageView */ = {
			isa = PBXGroup;
			children = (
				24D5EAC31A6D485000891BE8 /* Supporting Files */,
			);
			path = AsyncImageView;
			sourceTree = "<group>";
		};
		24D5EAC31A6D485000891BE8 /* Supporting Files */ = {
			isa = PBXGroup;
			children = (
				24D5EAC41A6D485000891BE8 /* Info.plist */,
			);
			name = "Supporting Files";
			sourceTree = "<group>";
		};
		24D5EACF1A6D485000891BE8 /* AsyncImageViewTests */ = {
			isa = PBXGroup;
			children = (
				24D5EAD21A6D485000891BE8 /* AsyncImageViewTests.swift */,
				24D5EAD01A6D485000891BE8 /* Supporting Files */,
			);
			path = AsyncImageViewTests;
			sourceTree = "<group>";
		};
		24D5EAD01A6D485000891BE8 /* Supporting Files */ = {
			isa = PBXGroup;
			children = (
				24D5EAD11A6D485000891BE8 /* Info.plist */,
			);
			name = "Supporting Files";
			sourceTree = "<group>";
		};
/* End PBXGroup section */

/* Begin PBXHeadersBuildPhase section */
		24D5EABD1A6D485000891BE8 /* Headers */ = {
			isa = PBXHeadersBuildPhase;
			buildActionMask = 2147483647;
			files = (
			);
			runOnlyForDeploymentPostprocessing = 0;
		};
/* End PBXHeadersBuildPhase section */

/* Begin PBXNativeTarget section */
		24D5EABF1A6D485000891BE8 /* AsyncImageView */ = {
			isa = PBXNativeTarget;
			buildConfigurationList = 24D5EAD61A6D485000891BE8 /* Build configuration list for PBXNativeTarget "AsyncImageView" */;
			buildPhases = (
				24D5EABB1A6D485000891BE8 /* Sources */,
				24D5EABC1A6D485000891BE8 /* Frameworks */,
				24D5EABD1A6D485000891BE8 /* Headers */,
				24D5EABE1A6D485000891BE8 /* Resources */,
			);
			buildRules = (
			);
			dependencies = (
			);
			name = AsyncImageView;
			productName = AsyncImageView;
			productReference = 24D5EAC01A6D485000891BE8 /* AsyncImageView.framework */;
			productType = "com.apple.product-type.framework";
		};
		24D5EACA1A6D485000891BE8 /* AsyncImageViewTests */ = {
			isa = PBXNativeTarget;
			buildConfigurationList = 24D5EAD91A6D485000891BE8 /* Build configuration list for PBXNativeTarget "AsyncImageViewTests" */;
			buildPhases = (
				24D5EAC71A6D485000891BE8 /* Sources */,
				24D5EAC81A6D485000891BE8 /* Frameworks */,
				24D5EAC91A6D485000891BE8 /* Resources */,
			);
			buildRules = (
			);
			dependencies = (
				24D5EACE1A6D485000891BE8 /* PBXTargetDependency */,
			);
			name = AsyncImageViewTests;
			productName = AsyncImageViewTests;
			productReference = 24D5EACB1A6D485000891BE8 /* AsyncImageViewTests.xctest */;
			productType = "com.apple.product-type.bundle.unit-test";
		};
/* End PBXNativeTarget section */

/* Begin PBXProject section */
		24D5EAB71A6D485000891BE8 /* Project object */ = {
			isa = PBXProject;
			attributes = {
				LastUpgradeCheck = 0610;
				ORGANIZATIONNAME = numanuma08;
				TargetAttributes = {
					24D5EABF1A6D485000891BE8 = {
						CreatedOnToolsVersion = 6.1.1;
					};
					24D5EACA1A6D485000891BE8 = {
						CreatedOnToolsVersion = 6.1.1;
					};
				};
			};
			buildConfigurationList = 24D5EABA1A6D485000891BE8 /* Build configuration list for PBXProject "AsyncImageView" */;
			compatibilityVersion = "Xcode 3.2";
			developmentRegion = English;
			hasScannedForEncodings = 0;
			knownRegions = (
				en,
			);
			mainGroup = 24D5EAB61A6D485000891BE8;
			productRefGroup = 24D5EAC11A6D485000891BE8 /* Products */;
			projectDirPath = "";
			projectRoot = "";
			targets = (
				24D5EABF1A6D485000891BE8 /* AsyncImageView */,
				24D5EACA1A6D485000891BE8 /* AsyncImageViewTests */,
			);
		};
/* End PBXProject section */

/* Begin PBXResourcesBuildPhase section */
		24D5EABE1A6D485000891BE8 /* Resources */ = {
			isa = PBXResourcesBuildPhase;
			buildActionMask = 2147483647;
			files = (
			);
			runOnlyForDeploymentPostprocessing = 0;
		};
		24D5EAC91A6D485000891BE8 /* Resources */ = {
			isa = PBXResourcesBuildPhase;
			buildActionMask = 2147483647;
			files = (
			);
			runOnlyForDeploymentPostprocessing = 0;
		};
/* End PBXResourcesBuildPhase section */

/* Begin PBXSourcesBuildPhase section */
		24D5EABB1A6D485000891BE8 /* Sources */ = {
			isa = PBXSourcesBuildPhase;
			buildActionMask = 2147483647;
			files = (
				24D5EADD1A6D48B200891BE8 /* AsyncImageView.swift in Sources */,
			);
			runOnlyForDeploymentPostprocessing = 0;
		};
		24D5EAC71A6D485000891BE8 /* Sources */ = {
			isa = PBXSourcesBuildPhase;
			buildActionMask = 2147483647;
			files = (
				24D5EAD31A6D485000891BE8 /* AsyncImageViewTests.swift in Sources */,
			);
			runOnlyForDeploymentPostprocessing = 0;
		};
/* End PBXSourcesBuildPhase section */

/* Begin PBXTargetDependency section */
		24D5EACE1A6D485000891BE8 /* PBXTargetDependency */ = {
			isa = PBXTargetDependency;
			target = 24D5EABF1A6D485000891BE8 /* AsyncImageView */;
			targetProxy = 24D5EACD1A6D485000891BE8 /* PBXContainerItemProxy */;
		};
/* End PBXTargetDependency section */

/* Begin XCBuildConfiguration section */
		24D5EAD41A6D485000891BE8 /* Debug */ = {
			isa = XCBuildConfiguration;
			buildSettings = {
				ALWAYS_SEARCH_USER_PATHS = NO;
				CLANG_CXX_LANGUAGE_STANDARD = "gnu++0x";
				CLANG_CXX_LIBRARY = "libc++";
				CLANG_ENABLE_MODULES = YES;
				CLANG_ENABLE_OBJC_ARC = YES;
				CLANG_WARN_BOOL_CONVERSION = YES;
				CLANG_WARN_CONSTANT_CONVERSION = YES;
				CLANG_WARN_DIRECT_OBJC_ISA_USAGE = YES_ERROR;
				CLANG_WARN_EMPTY_BODY = YES;
				CLANG_WARN_ENUM_CONVERSION = YES;
				CLANG_WARN_INT_CONVERSION = YES;
				CLANG_WARN_OBJC_ROOT_CLASS = YES_ERROR;
				CLANG_WARN_UNREACHABLE_CODE = YES;
				CLANG_WARN__DUPLICATE_METHOD_MATCH = YES;
				"CODE_SIGN_IDENTITY[sdk=iphoneos*]" = "iPhone Developer";
				COPY_PHASE_STRIP = NO;
				CURRENT_PROJECT_VERSION = 1;
				ENABLE_STRICT_OBJC_MSGSEND = YES;
				GCC_C_LANGUAGE_STANDARD = gnu99;
				GCC_DYNAMIC_NO_PIC = NO;
				GCC_OPTIMIZATION_LEVEL = 0;
				GCC_PREPROCESSOR_DEFINITIONS = (
					"DEBUG=1",
					"$(inherited)",
				);
				GCC_SYMBOLS_PRIVATE_EXTERN = NO;
				GCC_WARN_64_TO_32_BIT_CONVERSION = YES;
				GCC_WARN_ABOUT_RETURN_TYPE = YES_ERROR;
				GCC_WARN_UNDECLARED_SELECTOR = YES;
				GCC_WARN_UNINITIALIZED_AUTOS = YES_AGGRESSIVE;
				GCC_WARN_UNUSED_FUNCTION = YES;
				GCC_WARN_UNUSED_VARIABLE = YES;
				IPHONEOS_DEPLOYMENT_TARGET = 8.1;
				MTL_ENABLE_DEBUG_INFO = YES;
				ONLY_ACTIVE_ARCH = YES;
				SDKROOT = iphoneos;
				SWIFT_OPTIMIZATION_LEVEL = "-Onone";
				TARGETED_DEVICE_FAMILY = "1,2";
				VERSIONING_SYSTEM = "apple-generic";
				VERSION_INFO_PREFIX = "";
			};
			name = Debug;
		};
		24D5EAD51A6D485000891BE8 /* Release */ = {
			isa = XCBuildConfiguration;
			buildSettings = {
				ALWAYS_SEARCH_USER_PATHS = NO;
				CLANG_CXX_LANGUAGE_STANDARD = "gnu++0x";
				CLANG_CXX_LIBRARY = "libc++";
				CLANG_ENABLE_MODULES = YES;
				CLANG_ENABLE_OBJC_ARC = YES;
				CLANG_WARN_BOOL_CONVERSION = YES;
				CLANG_WARN_CONSTANT_CONVERSION = YES;
				CLANG_WARN_DIRECT_OBJC_ISA_USAGE = YES_ERROR;
				CLANG_WARN_EMPTY_BODY = YES;
				CLANG_WARN_ENUM_CONVERSION = YES;
				CLANG_WARN_INT_CONVERSION = YES;
				CLANG_WARN_OBJC_ROOT_CLASS = YES_ERROR;
				CLANG_WARN_UNREACHABLE_CODE = YES;
				CLANG_WARN__DUPLICATE_METHOD_MATCH = YES;
				"CODE_SIGN_IDENTITY[sdk=iphoneos*]" = "iPhone Developer";
				COPY_PHASE_STRIP = YES;
				CURRENT_PROJECT_VERSION = 1;
				ENABLE_NS_ASSERTIONS = NO;
				ENABLE_STRICT_OBJC_MSGSEND = YES;
				GCC_C_LANGUAGE_STANDARD = gnu99;
				GCC_WARN_64_TO_32_BIT_CONVERSION = YES;
				GCC_WARN_ABOUT_RETURN_TYPE = YES_ERROR;
				GCC_WARN_UNDECLARED_SELECTOR = YES;
				GCC_WARN_UNINITIALIZED_AUTOS = YES_AGGRESSIVE;
				GCC_WARN_UNUSED_FUNCTION = YES;
				GCC_WARN_UNUSED_VARIABLE = YES;
				IPHONEOS_DEPLOYMENT_TARGET = 8.1;
				MTL_ENABLE_DEBUG_INFO = NO;
				SDKROOT = iphoneos;
				TARGETED_DEVICE_FAMILY = "1,2";
				VALIDATE_PRODUCT = YES;
				VERSIONING_SYSTEM = "apple-generic";
				VERSION_INFO_PREFIX = "";
			};
			name = Release;
		};
		24D5EAD71A6D485000891BE8 /* Debug */ = {
			isa = XCBuildConfiguration;
			buildSettings = {
				CLANG_ENABLE_MODULES = YES;
				DEFINES_MODULE = YES;
				DYLIB_COMPATIBILITY_VERSION = 1;
				DYLIB_CURRENT_VERSION = 1;
				DYLIB_INSTALL_NAME_BASE = "@rpath";
				INFOPLIST_FILE = AsyncImageView/Info.plist;
				INSTALL_PATH = "$(LOCAL_LIBRARY_DIR)/Frameworks";
				LD_RUNPATH_SEARCH_PATHS = "$(inherited) @executable_path/Frameworks @loader_path/Frameworks";
				PRODUCT_NAME = "$(TARGET_NAME)";
				SKIP_INSTALL = YES;
				SWIFT_OPTIMIZATION_LEVEL = "-Onone";
			};
			name = Debug;
		};
		24D5EAD81A6D485000891BE8 /* Release */ = {
			isa = XCBuildConfiguration;
			buildSettings = {
				CLANG_ENABLE_MODULES = YES;
				DEFINES_MODULE = YES;
				DYLIB_COMPATIBILITY_VERSION = 1;
				DYLIB_CURRENT_VERSION = 1;
				DYLIB_INSTALL_NAME_BASE = "@rpath";
				INFOPLIST_FILE = AsyncImageView/Info.plist;
				INSTALL_PATH = "$(LOCAL_LIBRARY_DIR)/Frameworks";
				LD_RUNPATH_SEARCH_PATHS = "$(inherited) @executable_path/Frameworks @loader_path/Frameworks";
				PRODUCT_NAME = "$(TARGET_NAME)";
				SKIP_INSTALL = YES;
			};
			name = Release;
		};
		24D5EADA1A6D485000891BE8 /* Debug */ = {
			isa = XCBuildConfiguration;
			buildSettings = {
				FRAMEWORK_SEARCH_PATHS = (
					"$(SDKROOT)/Developer/Library/Frameworks",
					"$(inherited)",
				);
				GCC_PREPROCESSOR_DEFINITIONS = (
					"DEBUG=1",
					"$(inherited)",
				);
				INFOPLIST_FILE = AsyncImageViewTests/Info.plist;
				LD_RUNPATH_SEARCH_PATHS = "$(inherited) @executable_path/Frameworks @loader_path/Frameworks";
				PRODUCT_NAME = "$(TARGET_NAME)";
			};
			name = Debug;
		};
		24D5EADB1A6D485000891BE8 /* Release */ = {
			isa = XCBuildConfiguration;
			buildSettings = {
				FRAMEWORK_SEARCH_PATHS = (
					"$(SDKROOT)/Developer/Library/Frameworks",
					"$(inherited)",
				);
				INFOPLIST_FILE = AsyncImageViewTests/Info.plist;
				LD_RUNPATH_SEARCH_PATHS = "$(inherited) @executable_path/Frameworks @loader_path/Frameworks";
				PRODUCT_NAME = "$(TARGET_NAME)";
			};
			name = Release;
		};
/* End XCBuildConfiguration section */

/* Begin XCConfigurationList section */
		24D5EABA1A6D485000891BE8 /* Build configuration list for PBXProject "AsyncImageView" */ = {
			isa = XCConfigurationList;
			buildConfigurations = (
				24D5EAD41A6D485000891BE8 /* Debug */,
				24D5EAD51A6D485000891BE8 /* Release */,
			);
			defaultConfigurationIsVisible = 0;
			defaultConfigurationName = Release;
		};
		24D5EAD61A6D485000891BE8 /* Build configuration list for PBXNativeTarget "AsyncImageView" */ = {
			isa = XCConfigurationList;
			buildConfigurations = (
				24D5EAD71A6D485000891BE8 /* Debug */,
				24D5EAD81A6D485000891BE8 /* Release */,
			);
			defaultConfigurationIsVisible = 0;
		};
		24D5EAD91A6D485000891BE8 /* Build configuration list for PBXNativeTarget "AsyncImageViewTests" */ = {
			isa = XCConfigurationList;
			buildConfigurations = (
				24D5EADA1A6D485000891BE8 /* Debug */,
				24D5EADB1A6D485000891BE8 /* Release */,
			);
			defaultConfigurationIsVisible = 0;
		};
/* End XCConfigurationList section */
	};
	rootObject = 24D5EAB71A6D485000891BE8 /* Project object */;
}
